
Microsoft Visual Studio Solution File, Format Version 12.00
# Visual Studio 15
VisualStudioVersion = 15.0.28307.779
MinimumVisualStudioVersion = 10.0.40219.1
Project("{FAE04EC0-301F-11D3-BF4B-00C04F79EFBC}") = "Ex2StreamWrite", "Ex2StreamWrite\Ex2StreamWrite.csproj", "{0B0E33A8-6577-4E87-839D-F031D4A823E3}"
EndProject
Global
	GlobalSection(SolutionConfigurationPlatforms) = preSolution
		Debug|Any CPU = Debug|Any CPU
		Release|Any CPU = Release|Any CPU
	EndGlobalSection
	GlobalSection(ProjectConfigurationPlatforms) = postSolution
		{0B0E33A8-6577-4E87-839D-F031D4A823E3}.Debug|Any CPU.ActiveCfg = Debug|Any CPU
		{0B0E33A8-6577-4E87-839D-F031D4A823E3}.Debug|Any CPU.Build.0 = Debug|Any CPU
		{0B0E33A8-6577-4E87-839D-F031D4A823E3}.Release|Any CPU.ActiveCfg = Release|Any CPU
		{0B0E33A8-6577-4E87-839D-F031D4A823E3}.Release|Any CPU.Build.0 = Release|Any CPU
	EndGlobalSection
	GlobalSection(SolutionProperties) = preSolution
		HideSolutionNode = FALSE
	EndGlobalSection
	GlobalSection(ExtensibilityGlobals) = postSolution
		SolutionGuid = {388EA1CE-EFB0-4D55-9F72-9B86C8E7CC78}
	EndGlobalSection
EndGlobal
